
Microsoft Visual Studio Solution File, Format Version 12.00
# Visual Studio Version 17
VisualStudioVersion = 17.6.33723.286
MinimumVisualStudioVersion = 10.0.40219.1
Project("{FAE04EC0-301F-11D3-BF4B-00C04F79EFBC}") = "Film Project", "Film Project\Film Project.csproj", "{FD36582B-B891-44E7-913E-34E766F14F3D}"
EndProject
Global
	GlobalSection(SolutionConfigurationPlatforms) = preSolution
		Debug|Any CPU = Debug|Any CPU
		Release|Any CPU = Release|Any CPU
	EndGlobalSection
	GlobalSection(ProjectConfigurationPlatforms) = postSolution
		{FD36582B-B891-44E7-913E-34E766F14F3D}.Debug|Any CPU.ActiveCfg = Debug|Any CPU
		{FD36582B-B891-44E7-913E-34E766F14F3D}.Debug|Any CPU.Build.0 = Debug|Any CPU
		{FD36582B-B891-44E7-913E-34E766F14F3D}.Release|Any CPU.ActiveCfg = Release|Any CPU
		{FD36582B-B891-44E7-913E-34E766F14F3D}.Release|Any CPU.Build.0 = Release|Any CPU
	EndGlobalSection
	GlobalSection(SolutionProperties) = preSolution
		HideSolutionNode = FALSE
	EndGlobalSection
	GlobalSection(ExtensibilityGlobals) = postSolution
		SolutionGuid = {B7FAA6D1-75F4-482F-AB58-897934A2F474}
	EndGlobalSection
EndGlobal
